
Microsoft Visual Studio Solution File, Format Version 12.00
# Visual Studio Version 17
VisualStudioVersion = 17.8.34330.188
MinimumVisualStudioVersion = 10.0.40219.1
Project("{FAE04EC0-301F-11D3-BF4B-00C04F79EFBC}") = "POS", "POS\POS.csproj", "{86ED0A51-EB2B-49C2-83DB-5E1D0CA28528}"
EndProject
Global
	GlobalSection(SolutionConfigurationPlatforms) = preSolution
		Debug|Any CPU = Debug|Any CPU
		Release|Any CPU = Release|Any CPU
	EndGlobalSection
	GlobalSection(ProjectConfigurationPlatforms) = postSolution
		{86ED0A51-EB2B-49C2-83DB-5E1D0CA28528}.Debug|Any CPU.ActiveCfg = Debug|Any CPU
		{86ED0A51-EB2B-49C2-83DB-5E1D0CA28528}.Debug|Any CPU.Build.0 = Debug|Any CPU
		{86ED0A51-EB2B-49C2-83DB-5E1D0CA28528}.Release|Any CPU.ActiveCfg = Release|Any CPU
		{86ED0A51-EB2B-49C2-83DB-5E1D0CA28528}.Release|Any CPU.Build.0 = Release|Any CPU
	EndGlobalSection
	GlobalSection(SolutionProperties) = preSolution
		HideSolutionNode = FALSE
	EndGlobalSection
	GlobalSection(ExtensibilityGlobals) = postSolution
		SolutionGuid = {04F249F9-466B-494A-A28B-7A7D6C55AC98}
	EndGlobalSection
EndGlobal
