
Microsoft Visual Studio Solution File, Format Version 12.00
# Visual Studio Version 17
VisualStudioVersion = 17.8.34330.188
MinimumVisualStudioVersion = 10.0.40219.1
Project("{9A19103F-16F7-4668-BE54-9A1E7A4F7556}") = "POS", "POS\POS.csproj", "{86ED0A51-EB2B-49C2-83DB-5E1D0CA28528}"
EndProject
Project("{FAE04EC0-301F-11D3-BF4B-00C04F79EFBC}") = "POS.Domain", "POS.Domain\POS.Domain.csproj", "{924AF584-72D7-4779-9861-D762FBA9BB8D}"
EndProject
Project("{FAE04EC0-301F-11D3-BF4B-00C04F79EFBC}") = "POS.Application", "POS.Application\POS.Application.csproj", "{D66676A5-7442-4C27-AD22-066FE8258B28}"
EndProject
Project("{FAE04EC0-301F-11D3-BF4B-00C04F79EFBC}") = "POS.Persistence", "POS.Persistence\POS.Persistence.csproj", "{FC9952A7-F811-4286-9C4E-C482C7671D10}"
EndProject
Project("{FAE04EC0-301F-11D3-BF4B-00C04F79EFBC}") = "POS.Infrustructure", "POS.Infrustructure\POS.Infrustructure.csproj", "{6F2B698B-F712-400D-9F88-A2202863D5D9}"
EndProject
Global
	GlobalSection(SolutionConfigurationPlatforms) = preSolution
		Debug|Any CPU = Debug|Any CPU
		Release|Any CPU = Release|Any CPU
	EndGlobalSection
	GlobalSection(ProjectConfigurationPlatforms) = postSolution
		{86ED0A51-EB2B-49C2-83DB-5E1D0CA28528}.Debug|Any CPU.ActiveCfg = Debug|Any CPU
		{86ED0A51-EB2B-49C2-83DB-5E1D0CA28528}.Debug|Any CPU.Build.0 = Debug|Any CPU
		{86ED0A51-EB2B-49C2-83DB-5E1D0CA28528}.Release|Any CPU.ActiveCfg = Release|Any CPU
		{86ED0A51-EB2B-49C2-83DB-5E1D0CA28528}.Release|Any CPU.Build.0 = Release|Any CPU
		{924AF584-72D7-4779-9861-D762FBA9BB8D}.Debug|Any CPU.ActiveCfg = Debug|Any CPU
		{924AF584-72D7-4779-9861-D762FBA9BB8D}.Debug|Any CPU.Build.0 = Debug|Any CPU
		{924AF584-72D7-4779-9861-D762FBA9BB8D}.Release|Any CPU.ActiveCfg = Release|Any CPU
		{924AF584-72D7-4779-9861-D762FBA9BB8D}.Release|Any CPU.Build.0 = Release|Any CPU
		{D66676A5-7442-4C27-AD22-066FE8258B28}.Debug|Any CPU.ActiveCfg = Debug|Any CPU
		{D66676A5-7442-4C27-AD22-066FE8258B28}.Debug|Any CPU.Build.0 = Debug|Any CPU
		{D66676A5-7442-4C27-AD22-066FE8258B28}.Release|Any CPU.ActiveCfg = Release|Any CPU
		{D66676A5-7442-4C27-AD22-066FE8258B28}.Release|Any CPU.Build.0 = Release|Any CPU
		{FC9952A7-F811-4286-9C4E-C482C7671D10}.Debug|Any CPU.ActiveCfg = Debug|Any CPU
		{FC9952A7-F811-4286-9C4E-C482C7671D10}.Debug|Any CPU.Build.0 = Debug|Any CPU
		{FC9952A7-F811-4286-9C4E-C482C7671D10}.Release|Any CPU.ActiveCfg = Release|Any CPU
		{FC9952A7-F811-4286-9C4E-C482C7671D10}.Release|Any CPU.Build.0 = Release|Any CPU
		{6F2B698B-F712-400D-9F88-A2202863D5D9}.Debug|Any CPU.ActiveCfg = Debug|Any CPU
		{6F2B698B-F712-400D-9F88-A2202863D5D9}.Debug|Any CPU.Build.0 = Debug|Any CPU
		{6F2B698B-F712-400D-9F88-A2202863D5D9}.Release|Any CPU.ActiveCfg = Release|Any CPU
		{6F2B698B-F712-400D-9F88-A2202863D5D9}.Release|Any CPU.Build.0 = Release|Any CPU
	EndGlobalSection
	GlobalSection(SolutionProperties) = preSolution
		HideSolutionNode = FALSE
	EndGlobalSection
	GlobalSection(ExtensibilityGlobals) = postSolution
		SolutionGuid = {04F249F9-466B-494A-A28B-7A7D6C55AC98}
	EndGlobalSection
EndGlobal
